{
  "name": "Keylife-Tugas-kuliah-",
  "lockfileVersion": 2,
  "requires": true,
  "packages": {
    "": {
      "dependencies": {
        "@iconify/react": "^3.2.1"
      }
    },
    "node_modules/@iconify/react": {
      "version": "3.2.1",
      "resolved": "https://registry.npmjs.org/@iconify/react/-/react-3.2.1.tgz",
      "integrity": "sha512-yKzixjC9ct9RC/aSGo1OGxkG2rpfhlr/urRz6k2YZlIBzn92PBTlqtSx8o8dFYEorr3eUFSCBZFzBy1yw5jsAA==",
      "funding": {
        "url": "http://github.com/sponsors/cyberalien"
      }
    }
  },
  "dependencies": {
    "@iconify/react": {
      "version": "3.2.1",
      "resolved": "https://registry.npmjs.org/@iconify/react/-/react-3.2.1.tgz",
      "integrity": "sha512-yKzixjC9ct9RC/aSGo1OGxkG2rpfhlr/urRz6k2YZlIBzn92PBTlqtSx8o8dFYEorr3eUFSCBZFzBy1yw5jsAA=="
    }
  }
}
